// !$*UTF8*$!
{
	archiveVersion = 1;
	classes = {
	};
	objectVersion = 56;
	objects = {

/* Begin PBXBuildFile section */
		82160F542C38A13600017A1F /* BuildingsMapView.swift in Sources */ = {isa = PBXBuildFile; fileRef = 82160F532C38A13600017A1F /* BuildingsMapView.swift */; };
		82160F582C38A32200017A1F /* Buildings.swift in Sources */ = {isa = PBXBuildFile; fileRef = 82160F572C38A32200017A1F /* Buildings.swift */; };
		82160F5B2C38D61C00017A1F /* BuildingDetailView.swift in Sources */ = {isa = PBXBuildFile; fileRef = 82160F5A2C38D61C00017A1F /* BuildingDetailView.swift */; };
		82160F5E2C38EDFB00017A1F /* BuildingsMapViewModel.swift in Sources */ = {isa = PBXBuildFile; fileRef = 82160F5D2C38EDFB00017A1F /* BuildingsMapViewModel.swift */; };
		82160F612C38EEC800017A1F /* LocationManager.swift in Sources */ = {isa = PBXBuildFile; fileRef = 82160F602C38EEC800017A1F /* LocationManager.swift */; };
		8255E4382C378D7A009D24B1 /* PairCell.swift in Sources */ = {isa = PBXBuildFile; fileRef = 8255E4372C378D7A009D24B1 /* PairCell.swift */; };
		8255E43B2C385A58009D24B1 /* DateManager.swift in Sources */ = {isa = PBXBuildFile; fileRef = 8255E43A2C385A58009D24B1 /* DateManager.swift */; };
		8255E43E2C385C11009D24B1 /* NewsListViewModel.swift in Sources */ = {isa = PBXBuildFile; fileRef = 8255E43D2C385C11009D24B1 /* NewsListViewModel.swift */; };
		8255E4412C385DA3009D24B1 /* SDWebImageSwiftUI in Frameworks */ = {isa = PBXBuildFile; productRef = 8255E4402C385DA3009D24B1 /* SDWebImageSwiftUI */; };
		8255E4442C385DB5009D24B1 /* ArticleCell.swift in Sources */ = {isa = PBXBuildFile; fileRef = 8255E4432C385DB5009D24B1 /* ArticleCell.swift */; };
		8255E4482C3861ED009D24B1 /* ArticleDetailView.swift in Sources */ = {isa = PBXBuildFile; fileRef = 8255E4472C3861ED009D24B1 /* ArticleDetailView.swift */; };
		828C1A3C2C39773B00151AFA /* NewsOptionModel.swift in Sources */ = {isa = PBXBuildFile; fileRef = 828C1A3B2C39773B00151AFA /* NewsOptionModel.swift */; };
		828C1A3E2C3977E500151AFA /* NewsOptionsListView.swift in Sources */ = {isa = PBXBuildFile; fileRef = 828C1A3D2C3977E500151AFA /* NewsOptionsListView.swift */; };
		828C1A412C397BBB00151AFA /* NewsOptionsListViewModel.swift in Sources */ = {isa = PBXBuildFile; fileRef = 828C1A402C397BBB00151AFA /* NewsOptionsListViewModel.swift */; };
		828C1A482C39C24000151AFA /* NewsCategoriesListView.swift in Sources */ = {isa = PBXBuildFile; fileRef = 828C1A472C39C24000151AFA /* NewsCategoriesListView.swift */; };
		828C1A4D2C39C2A900151AFA /* NewsCategoriesListViewModel.swift in Sources */ = {isa = PBXBuildFile; fileRef = 828C1A4C2C39C2A900151AFA /* NewsCategoriesListViewModel.swift */; };
		828C1A522C39C4DB00151AFA /* CurrentCategoryNewsListView.swift in Sources */ = {isa = PBXBuildFile; fileRef = 828C1A512C39C4DB00151AFA /* CurrentCategoryNewsListView.swift */; };
		828C1A542C39C4E400151AFA /* CurrentCategoryNewsListViewModel.swift in Sources */ = {isa = PBXBuildFile; fileRef = 828C1A532C39C4E400151AFA /* CurrentCategoryNewsListViewModel.swift */; };
		8294CF842C34B579006E7EDA /* ФГБОУ ВО «АГПУ».app in Embed Watch Content */ = {isa = PBXBuildFile; fileRef = 8294CF832C34B579006E7EDA /* ФГБОУ ВО «АГПУ».app */; settings = {ATTRIBUTES = (RemoveHeadersOnCopy, ); }; };
		8294CF892C34B579006E7EDA /* ASPU_App_WatchApp.swift in Sources */ = {isa = PBXBuildFile; fileRef = 8294CF882C34B579006E7EDA /* ASPU_App_WatchApp.swift */; };
		8294CF8B2C34B579006E7EDA /* ContentView.swift in Sources */ = {isa = PBXBuildFile; fileRef = 8294CF8A2C34B579006E7EDA /* ContentView.swift */; };
		8294CF8D2C34B57F006E7EDA /* Assets.xcassets in Resources */ = {isa = PBXBuildFile; fileRef = 8294CF8C2C34B57F006E7EDA /* Assets.xcassets */; };
		8294CF902C34B57F006E7EDA /* Preview Assets.xcassets in Resources */ = {isa = PBXBuildFile; fileRef = 8294CF8F2C34B57F006E7EDA /* Preview Assets.xcassets */; };
		8294CFA12C34B772006E7EDA /* AppSectionsListView.swift in Sources */ = {isa = PBXBuildFile; fileRef = 8294CFA02C34B772006E7EDA /* AppSectionsListView.swift */; };
		8294CFA42C34B7BC006E7EDA /* AppSections.swift in Sources */ = {isa = PBXBuildFile; fileRef = 8294CFA32C34B7BC006E7EDA /* AppSections.swift */; };
		8294CFA92C36022A006E7EDA /* SettingsListView.swift in Sources */ = {isa = PBXBuildFile; fileRef = 8294CFA82C36022A006E7EDA /* SettingsListView.swift */; };
		8294CFAF2C360432006E7EDA /* SettingSectionModel.swift in Sources */ = {isa = PBXBuildFile; fileRef = 8294CFAE2C360432006E7EDA /* SettingSectionModel.swift */; };
		8294CFB12C36045D006E7EDA /* SettingSections.swift in Sources */ = {isa = PBXBuildFile; fileRef = 8294CFB02C36045D006E7EDA /* SettingSections.swift */; };
		8294CFB32C3604B0006E7EDA /* AppSectionModel.swift in Sources */ = {isa = PBXBuildFile; fileRef = 8294CFB22C3604B0006E7EDA /* AppSectionModel.swift */; };
		8294CFB62C3604DD006E7EDA /* AppSectionCell.swift in Sources */ = {isa = PBXBuildFile; fileRef = 8294CFB52C3604DD006E7EDA /* AppSectionCell.swift */; };
		8294CFB92C360564006E7EDA /* SettingSectionCell.swift in Sources */ = {isa = PBXBuildFile; fileRef = 8294CFB82C360564006E7EDA /* SettingSectionCell.swift */; };
		8294CFBF2C360696006E7EDA /* NewsCategoryModel.swift in Sources */ = {isa = PBXBuildFile; fileRef = 8294CFBE2C360696006E7EDA /* NewsCategoryModel.swift */; };
		8294CFC12C3606CF006E7EDA /* NewsCategories.swift in Sources */ = {isa = PBXBuildFile; fileRef = 8294CFC02C3606CF006E7EDA /* NewsCategories.swift */; };
		8294CFC32C3607B9006E7EDA /* SavedNewsCategoriesListView.swift in Sources */ = {isa = PBXBuildFile; fileRef = 8294CFC22C3607B9006E7EDA /* SavedNewsCategoriesListView.swift */; };
		8294CFC62C3607CF006E7EDA /* NewsCategoryCell.swift in Sources */ = {isa = PBXBuildFile; fileRef = 8294CFC52C3607CF006E7EDA /* NewsCategoryCell.swift */; };
		8294CFC82C360957006E7EDA /* SavedNewsCategoriesListViewModel.swift in Sources */ = {isa = PBXBuildFile; fileRef = 8294CFC72C360957006E7EDA /* SavedNewsCategoriesListViewModel.swift */; };
		8294CFCC2C371786006E7EDA /* SettingsManager.swift in Sources */ = {isa = PBXBuildFile; fileRef = 8294CFCB2C371786006E7EDA /* SettingsManager.swift */; };
		8294CFD32C371A60006E7EDA /* NewsListView.swift in Sources */ = {isa = PBXBuildFile; fileRef = 8294CFD22C371A60006E7EDA /* NewsListView.swift */; };
		82A608EE2C3758FE0005EDC3 /* HostName.swift in Sources */ = {isa = PBXBuildFile; fileRef = 82A608ED2C3758FE0005EDC3 /* HostName.swift */; };
		82A608F02C3759190005EDC3 /* Discipline.swift in Sources */ = {isa = PBXBuildFile; fileRef = 82A608EF2C3759190005EDC3 /* Discipline.swift */; };
		82A608F22C3759350005EDC3 /* Article.swift in Sources */ = {isa = PBXBuildFile; fileRef = 82A608F12C3759350005EDC3 /* Article.swift */; };
		82A608F42C3759460005EDC3 /* NewsResponse.swift in Sources */ = {isa = PBXBuildFile; fileRef = 82A608F32C3759460005EDC3 /* NewsResponse.swift */; };
		82A608F62C3759620005EDC3 /* TimeTable.swift in Sources */ = {isa = PBXBuildFile; fileRef = 82A608F52C3759620005EDC3 /* TimeTable.swift */; };
		82A608F82C3759A10005EDC3 /* ASPUNewsService.swift in Sources */ = {isa = PBXBuildFile; fileRef = 82A608F72C3759A00005EDC3 /* ASPUNewsService.swift */; };
		82A608FA2C3759D30005EDC3 /* TimeTableService.swift in Sources */ = {isa = PBXBuildFile; fileRef = 82A608F92C3759D30005EDC3 /* TimeTableService.swift */; };
		82A609012C375A2B0005EDC3 /* TimetableDayListView.swift in Sources */ = {isa = PBXBuildFile; fileRef = 82A609002C375A2B0005EDC3 /* TimetableDayListView.swift */; };
		82A609032C375A4D0005EDC3 /* TimetableDayListViewModel.swift in Sources */ = {isa = PBXBuildFile; fileRef = 82A609022C375A4D0005EDC3 /* TimetableDayListViewModel.swift */; };
		82A609062C375C8B0005EDC3 /* Alamofire in Frameworks */ = {isa = PBXBuildFile; productRef = 82A609052C375C8B0005EDC3 /* Alamofire */; };
/* End PBXBuildFile section */

/* Begin PBXContainerItemProxy section */
		8294CF852C34B579006E7EDA /* PBXContainerItemProxy */ = {
			isa = PBXContainerItemProxy;
			containerPortal = 8294CF772C34B579006E7EDA /* Project object */;
			proxyType = 1;
			remoteGlobalIDString = 8294CF822C34B579006E7EDA;
			remoteInfo = "ASPU-App-Watch Watch App";
		};
/* End PBXContainerItemProxy section */

/* Begin PBXCopyFilesBuildPhase section */
		8294CF962C34B57F006E7EDA /* Embed Watch Content */ = {
			isa = PBXCopyFilesBuildPhase;
			buildActionMask = 2147483647;
			dstPath = "$(CONTENTS_FOLDER_PATH)/Watch";
			dstSubfolderSpec = 16;
			files = (
				8294CF842C34B579006E7EDA /* ФГБОУ ВО «АГПУ».app in Embed Watch Content */,
			);
			name = "Embed Watch Content";
			runOnlyForDeploymentPostprocessing = 0;
		};
/* End PBXCopyFilesBuildPhase section */

/* Begin PBXFileReference section */
		82160F532C38A13600017A1F /* BuildingsMapView.swift */ = {isa = PBXFileReference; lastKnownFileType = sourcecode.swift; path = BuildingsMapView.swift; sourceTree = "<group>"; };
		82160F572C38A32200017A1F /* Buildings.swift */ = {isa = PBXFileReference; lastKnownFileType = sourcecode.swift; path = Buildings.swift; sourceTree = "<group>"; };
		82160F5A2C38D61C00017A1F /* BuildingDetailView.swift */ = {isa = PBXFileReference; lastKnownFileType = sourcecode.swift; path = BuildingDetailView.swift; sourceTree = "<group>"; };
		82160F5D2C38EDFB00017A1F /* BuildingsMapViewModel.swift */ = {isa = PBXFileReference; lastKnownFileType = sourcecode.swift; path = BuildingsMapViewModel.swift; sourceTree = "<group>"; };
		82160F602C38EEC800017A1F /* LocationManager.swift */ = {isa = PBXFileReference; lastKnownFileType = sourcecode.swift; path = LocationManager.swift; sourceTree = "<group>"; };
		822D84F42C37766200148062 /* ASPU-App-Watch-Watch-App-Info.plist */ = {isa = PBXFileReference; lastKnownFileType = text.plist; path = "ASPU-App-Watch-Watch-App-Info.plist"; sourceTree = SOURCE_ROOT; };
		8255E4372C378D7A009D24B1 /* PairCell.swift */ = {isa = PBXFileReference; lastKnownFileType = sourcecode.swift; path = PairCell.swift; sourceTree = "<group>"; };
		8255E43A2C385A58009D24B1 /* DateManager.swift */ = {isa = PBXFileReference; lastKnownFileType = sourcecode.swift; path = DateManager.swift; sourceTree = "<group>"; };
		8255E43D2C385C11009D24B1 /* NewsListViewModel.swift */ = {isa = PBXFileReference; lastKnownFileType = sourcecode.swift; path = NewsListViewModel.swift; sourceTree = "<group>"; };
		8255E4432C385DB5009D24B1 /* ArticleCell.swift */ = {isa = PBXFileReference; lastKnownFileType = sourcecode.swift; path = ArticleCell.swift; sourceTree = "<group>"; };
		8255E4472C3861ED009D24B1 /* ArticleDetailView.swift */ = {isa = PBXFileReference; lastKnownFileType = sourcecode.swift; path = ArticleDetailView.swift; sourceTree = "<group>"; };
		828C1A3B2C39773B00151AFA /* NewsOptionModel.swift */ = {isa = PBXFileReference; lastKnownFileType = sourcecode.swift; path = NewsOptionModel.swift; sourceTree = "<group>"; };
		828C1A3D2C3977E500151AFA /* NewsOptionsListView.swift */ = {isa = PBXFileReference; lastKnownFileType = sourcecode.swift; path = NewsOptionsListView.swift; sourceTree = "<group>"; };
		828C1A402C397BBB00151AFA /* NewsOptionsListViewModel.swift */ = {isa = PBXFileReference; lastKnownFileType = sourcecode.swift; path = NewsOptionsListViewModel.swift; sourceTree = "<group>"; };
		828C1A472C39C24000151AFA /* NewsCategoriesListView.swift */ = {isa = PBXFileReference; lastKnownFileType = sourcecode.swift; path = NewsCategoriesListView.swift; sourceTree = "<group>"; };
		828C1A4C2C39C2A900151AFA /* NewsCategoriesListViewModel.swift */ = {isa = PBXFileReference; lastKnownFileType = sourcecode.swift; path = NewsCategoriesListViewModel.swift; sourceTree = "<group>"; };
		828C1A512C39C4DB00151AFA /* CurrentCategoryNewsListView.swift */ = {isa = PBXFileReference; lastKnownFileType = sourcecode.swift; path = CurrentCategoryNewsListView.swift; sourceTree = "<group>"; };
		828C1A532C39C4E400151AFA /* CurrentCategoryNewsListViewModel.swift */ = {isa = PBXFileReference; lastKnownFileType = sourcecode.swift; path = CurrentCategoryNewsListViewModel.swift; sourceTree = "<group>"; };
		8294CF7D2C34B579006E7EDA /* ASPU-App-Watch.app */ = {isa = PBXFileReference; explicitFileType = wrapper.application; includeInIndex = 0; path = "ASPU-App-Watch.app"; sourceTree = BUILT_PRODUCTS_DIR; };
		8294CF832C34B579006E7EDA /* ФГБОУ ВО «АГПУ».app */ = {isa = PBXFileReference; explicitFileType = wrapper.application; includeInIndex = 0; path = "ФГБОУ ВО «АГПУ».app"; sourceTree = BUILT_PRODUCTS_DIR; };
		8294CF882C34B579006E7EDA /* ASPU_App_WatchApp.swift */ = {isa = PBXFileReference; lastKnownFileType = sourcecode.swift; path = ASPU_App_WatchApp.swift; sourceTree = "<group>"; };
		8294CF8A2C34B579006E7EDA /* ContentView.swift */ = {isa = PBXFileReference; lastKnownFileType = sourcecode.swift; path = ContentView.swift; sourceTree = "<group>"; };
		8294CF8C2C34B57F006E7EDA /* Assets.xcassets */ = {isa = PBXFileReference; lastKnownFileType = folder.assetcatalog; path = Assets.xcassets; sourceTree = "<group>"; };
		8294CF8F2C34B57F006E7EDA /* Preview Assets.xcassets */ = {isa = PBXFileReference; lastKnownFileType = folder.assetcatalog; path = "Preview Assets.xcassets"; sourceTree = "<group>"; };
		8294CFA02C34B772006E7EDA /* AppSectionsListView.swift */ = {isa = PBXFileReference; lastKnownFileType = sourcecode.swift; path = AppSectionsListView.swift; sourceTree = "<group>"; };
		8294CFA32C34B7BC006E7EDA /* AppSections.swift */ = {isa = PBXFileReference; lastKnownFileType = sourcecode.swift; path = AppSections.swift; sourceTree = "<group>"; };
		8294CFA82C36022A006E7EDA /* SettingsListView.swift */ = {isa = PBXFileReference; lastKnownFileType = sourcecode.swift; path = SettingsListView.swift; sourceTree = "<group>"; };
		8294CFAE2C360432006E7EDA /* SettingSectionModel.swift */ = {isa = PBXFileReference; lastKnownFileType = sourcecode.swift; path = SettingSectionModel.swift; sourceTree = "<group>"; };
		8294CFB02C36045D006E7EDA /* SettingSections.swift */ = {isa = PBXFileReference; lastKnownFileType = sourcecode.swift; path = SettingSections.swift; sourceTree = "<group>"; };
		8294CFB22C3604B0006E7EDA /* AppSectionModel.swift */ = {isa = PBXFileReference; lastKnownFileType = sourcecode.swift; path = AppSectionModel.swift; sourceTree = "<group>"; };
		8294CFB52C3604DD006E7EDA /* AppSectionCell.swift */ = {isa = PBXFileReference; lastKnownFileType = sourcecode.swift; path = AppSectionCell.swift; sourceTree = "<group>"; };
		8294CFB82C360564006E7EDA /* SettingSectionCell.swift */ = {isa = PBXFileReference; lastKnownFileType = sourcecode.swift; path = SettingSectionCell.swift; sourceTree = "<group>"; };
		8294CFBE2C360696006E7EDA /* NewsCategoryModel.swift */ = {isa = PBXFileReference; lastKnownFileType = sourcecode.swift; path = NewsCategoryModel.swift; sourceTree = "<group>"; };
		8294CFC02C3606CF006E7EDA /* NewsCategories.swift */ = {isa = PBXFileReference; lastKnownFileType = sourcecode.swift; path = NewsCategories.swift; sourceTree = "<group>"; };
		8294CFC22C3607B9006E7EDA /* SavedNewsCategoriesListView.swift */ = {isa = PBXFileReference; lastKnownFileType = sourcecode.swift; path = SavedNewsCategoriesListView.swift; sourceTree = "<group>"; };
		8294CFC52C3607CF006E7EDA /* NewsCategoryCell.swift */ = {isa = PBXFileReference; lastKnownFileType = sourcecode.swift; path = NewsCategoryCell.swift; sourceTree = "<group>"; };
		8294CFC72C360957006E7EDA /* SavedNewsCategoriesListViewModel.swift */ = {isa = PBXFileReference; lastKnownFileType = sourcecode.swift; path = SavedNewsCategoriesListViewModel.swift; sourceTree = "<group>"; };
		8294CFCB2C371786006E7EDA /* SettingsManager.swift */ = {isa = PBXFileReference; lastKnownFileType = sourcecode.swift; path = SettingsManager.swift; sourceTree = "<group>"; };
		8294CFD22C371A60006E7EDA /* NewsListView.swift */ = {isa = PBXFileReference; lastKnownFileType = sourcecode.swift; path = NewsListView.swift; sourceTree = "<group>"; };
		82A608ED2C3758FE0005EDC3 /* HostName.swift */ = {isa = PBXFileReference; lastKnownFileType = sourcecode.swift; path = HostName.swift; sourceTree = "<group>"; };
		82A608EF2C3759190005EDC3 /* Discipline.swift */ = {isa = PBXFileReference; lastKnownFileType = sourcecode.swift; path = Discipline.swift; sourceTree = "<group>"; };
		82A608F12C3759350005EDC3 /* Article.swift */ = {isa = PBXFileReference; lastKnownFileType = sourcecode.swift; path = Article.swift; sourceTree = "<group>"; };
		82A608F32C3759460005EDC3 /* NewsResponse.swift */ = {isa = PBXFileReference; lastKnownFileType = sourcecode.swift; path = NewsResponse.swift; sourceTree = "<group>"; };
		82A608F52C3759620005EDC3 /* TimeTable.swift */ = {isa = PBXFileReference; lastKnownFileType = sourcecode.swift; path = TimeTable.swift; sourceTree = "<group>"; };
		82A608F72C3759A00005EDC3 /* ASPUNewsService.swift */ = {isa = PBXFileReference; lastKnownFileType = sourcecode.swift; path = ASPUNewsService.swift; sourceTree = "<group>"; };
		82A608F92C3759D30005EDC3 /* TimeTableService.swift */ = {isa = PBXFileReference; lastKnownFileType = sourcecode.swift; path = TimeTableService.swift; sourceTree = "<group>"; };
		82A609002C375A2B0005EDC3 /* TimetableDayListView.swift */ = {isa = PBXFileReference; lastKnownFileType = sourcecode.swift; path = TimetableDayListView.swift; sourceTree = "<group>"; };
		82A609022C375A4D0005EDC3 /* TimetableDayListViewModel.swift */ = {isa = PBXFileReference; lastKnownFileType = sourcecode.swift; path = TimetableDayListViewModel.swift; sourceTree = "<group>"; };
/* End PBXFileReference section */

/* Begin PBXFrameworksBuildPhase section */
		8294CF802C34B579006E7EDA /* Frameworks */ = {
			isa = PBXFrameworksBuildPhase;
			buildActionMask = 2147483647;
			files = (
				8255E4412C385DA3009D24B1 /* SDWebImageSwiftUI in Frameworks */,
				82A609062C375C8B0005EDC3 /* Alamofire in Frameworks */,
			);
			runOnlyForDeploymentPostprocessing = 0;
		};
/* End PBXFrameworksBuildPhase section */

/* Begin PBXGroup section */
		82160F512C38A11600017A1F /* Article Detail */ = {
			isa = PBXGroup;
			children = (
				8255E4472C3861ED009D24B1 /* ArticleDetailView.swift */,
			);
			path = "Article Detail";
			sourceTree = "<group>";
		};
		82160F522C38A12000017A1F /* Buildings Map MVVM */ = {
			isa = PBXGroup;
			children = (
				82160F562C38A2CD00017A1F /* Model */,
				82160F552C38A2C200017A1F /* View */,
				82160F5C2C38EDBA00017A1F /* ViewModel */,
			);
			path = "Buildings Map MVVM";
			sourceTree = "<group>";
		};
		82160F552C38A2C200017A1F /* View */ = {
			isa = PBXGroup;
			children = (
				82160F532C38A13600017A1F /* BuildingsMapView.swift */,
			);
			path = View;
			sourceTree = "<group>";
		};
		82160F562C38A2CD00017A1F /* Model */ = {
			isa = PBXGroup;
			children = (
				82160F572C38A32200017A1F /* Buildings.swift */,
			);
			path = Model;
			sourceTree = "<group>";
		};
		82160F592C38D60500017A1F /* Location Detail */ = {
			isa = PBXGroup;
			children = (
				82160F5A2C38D61C00017A1F /* BuildingDetailView.swift */,
			);
			path = "Location Detail";
			sourceTree = "<group>";
		};
		82160F5C2C38EDBA00017A1F /* ViewModel */ = {
			isa = PBXGroup;
			children = (
				82160F5D2C38EDFB00017A1F /* BuildingsMapViewModel.swift */,
			);
			path = ViewModel;
			sourceTree = "<group>";
		};
		82160F5F2C38EE1800017A1F /* Location */ = {
			isa = PBXGroup;
			children = (
				82160F602C38EEC800017A1F /* LocationManager.swift */,
			);
			path = Location;
			sourceTree = "<group>";
		};
		8255E4362C378D6D009D24B1 /* Cell */ = {
			isa = PBXGroup;
			children = (
				8255E4372C378D7A009D24B1 /* PairCell.swift */,
			);
			path = Cell;
			sourceTree = "<group>";
		};
		8255E4392C385A47009D24B1 /* Date */ = {
			isa = PBXGroup;
			children = (
				8255E43A2C385A58009D24B1 /* DateManager.swift */,
			);
			path = Date;
			sourceTree = "<group>";
		};
		8255E43C2C385BFD009D24B1 /* ViewModel */ = {
			isa = PBXGroup;
			children = (
				8255E43D2C385C11009D24B1 /* NewsListViewModel.swift */,
			);
			path = ViewModel;
			sourceTree = "<group>";
		};
		8255E4422C385DAA009D24B1 /* Cell */ = {
			isa = PBXGroup;
			children = (
				8255E4432C385DB5009D24B1 /* ArticleCell.swift */,
			);
			path = Cell;
			sourceTree = "<group>";
		};
		8255E4462C3861B9009D24B1 /* Views */ = {
			isa = PBXGroup;
			children = (
				828C1A492C39C24F00151AFA /* News Category Cell */,
				82160F512C38A11600017A1F /* Article Detail */,
				82160F592C38D60500017A1F /* Location Detail */,
			);
			path = Views;
			sourceTree = "<group>";
		};
		828C1A382C39771300151AFA /* News Options List MVVM */ = {
			isa = PBXGroup;
			children = (
				828C1A3A2C39772500151AFA /* Model */,
				828C1A392C39772300151AFA /* View */,
				828C1A3F2C397BA700151AFA /* ViewModel */,
			);
			path = "News Options List MVVM";
			sourceTree = "<group>";
		};
		828C1A392C39772300151AFA /* View */ = {
			isa = PBXGroup;
			children = (
				828C1A3D2C3977E500151AFA /* NewsOptionsListView.swift */,
			);
			path = View;
			sourceTree = "<group>";
		};
		828C1A3A2C39772500151AFA /* Model */ = {
			isa = PBXGroup;
			children = (
				828C1A3B2C39773B00151AFA /* NewsOptionModel.swift */,
			);
			path = Model;
			sourceTree = "<group>";
		};
		828C1A3F2C397BA700151AFA /* ViewModel */ = {
			isa = PBXGroup;
			children = (
				828C1A402C397BBB00151AFA /* NewsOptionsListViewModel.swift */,
			);
			path = ViewModel;
			sourceTree = "<group>";
		};
		828C1A422C39C1EC00151AFA /* News Categories List MVVM */ = {
			isa = PBXGroup;
			children = (
				828C1A462C39C22800151AFA /* View */,
				828C1A452C39C22600151AFA /* ViewModel */,
			);
			path = "News Categories List MVVM";
			sourceTree = "<group>";
		};
		828C1A432C39C1FD00151AFA /* Models */ = {
			isa = PBXGroup;
			children = (
				828C1A442C39C20400151AFA /* News */,
			);
			path = Models;
			sourceTree = "<group>";
		};
		828C1A442C39C20400151AFA /* News */ = {
			isa = PBXGroup;
			children = (
				8294CFBE2C360696006E7EDA /* NewsCategoryModel.swift */,
				8294CFC02C3606CF006E7EDA /* NewsCategories.swift */,
			);
			path = News;
			sourceTree = "<group>";
		};
		828C1A452C39C22600151AFA /* ViewModel */ = {
			isa = PBXGroup;
			children = (
				828C1A4C2C39C2A900151AFA /* NewsCategoriesListViewModel.swift */,
			);
			path = ViewModel;
			sourceTree = "<group>";
		};
		828C1A462C39C22800151AFA /* View */ = {
			isa = PBXGroup;
			children = (
				828C1A472C39C24000151AFA /* NewsCategoriesListView.swift */,
			);
			path = View;
			sourceTree = "<group>";
		};
		828C1A492C39C24F00151AFA /* News Category Cell */ = {
			isa = PBXGroup;
			children = (
				8294CFC52C3607CF006E7EDA /* NewsCategoryCell.swift */,
			);
			path = "News Category Cell";
			sourceTree = "<group>";
		};
		828C1A4E2C39C49800151AFA /* Current Category News List MVVM */ = {
			isa = PBXGroup;
			children = (
				828C1A502C39C4C900151AFA /* View */,
				828C1A4F2C39C4C700151AFA /* ViewModel */,
			);
			path = "Current Category News List MVVM";
			sourceTree = "<group>";
		};
		828C1A4F2C39C4C700151AFA /* ViewModel */ = {
			isa = PBXGroup;
			children = (
				828C1A532C39C4E400151AFA /* CurrentCategoryNewsListViewModel.swift */,
			);
			path = ViewModel;
			sourceTree = "<group>";
		};
		828C1A502C39C4C900151AFA /* View */ = {
			isa = PBXGroup;
			children = (
				828C1A512C39C4DB00151AFA /* CurrentCategoryNewsListView.swift */,
			);
			path = View;
			sourceTree = "<group>";
		};
		8294CF762C34B579006E7EDA = {
			isa = PBXGroup;
			children = (
				8294CF872C34B579006E7EDA /* ASPU-App-Watch Watch App */,
				8294CF7E2C34B579006E7EDA /* Products */,
			);
			sourceTree = "<group>";
		};
		8294CF7E2C34B579006E7EDA /* Products */ = {
			isa = PBXGroup;
			children = (
				8294CF7D2C34B579006E7EDA /* ASPU-App-Watch.app */,
				8294CF832C34B579006E7EDA /* ФГБОУ ВО «АГПУ».app */,
			);
			name = Products;
			sourceTree = "<group>";
		};
		8294CF872C34B579006E7EDA /* ASPU-App-Watch Watch App */ = {
			isa = PBXGroup;
			children = (
				828C1A432C39C1FD00151AFA /* Models */,
				822D84F42C37766200148062 /* ASPU-App-Watch-Watch-App-Info.plist */,
				8255E4462C3861B9009D24B1 /* Views */,
				8294CFC92C371771006E7EDA /* Services */,
				8294CF9E2C34B747006E7EDA /* App Sections List */,
				8294CFD02C371A42006E7EDA /* News List MVVM */,
				828C1A382C39771300151AFA /* News Options List MVVM */,
				828C1A422C39C1EC00151AFA /* News Categories List MVVM */,
				828C1A4E2C39C49800151AFA /* Current Category News List MVVM */,
				82A608E42C3758800005EDC3 /* Timetable Day List MVVM */,
				82160F522C38A12000017A1F /* Buildings Map MVVM */,
				8294CFA52C36020C006E7EDA /* Settings List */,
				8294CFBA2C360648006E7EDA /* Saved News Categories List MVVM */,
				8294CF882C34B579006E7EDA /* ASPU_App_WatchApp.swift */,
				8294CF8A2C34B579006E7EDA /* ContentView.swift */,
				8294CF8C2C34B57F006E7EDA /* Assets.xcassets */,
				8294CF8E2C34B57F006E7EDA /* Preview Content */,
			);
			path = "ASPU-App-Watch Watch App";
			sourceTree = "<group>";
		};
		8294CF8E2C34B57F006E7EDA /* Preview Content */ = {
			isa = PBXGroup;
			children = (
				8294CF8F2C34B57F006E7EDA /* Preview Assets.xcassets */,
			);
			path = "Preview Content";
			sourceTree = "<group>";
		};
		8294CF9E2C34B747006E7EDA /* App Sections List */ = {
			isa = PBXGroup;
			children = (
				8294CFA22C34B7B1006E7EDA /* Model */,
				8294CF9F2C34B75A006E7EDA /* View */,
				8294CFB42C3604CD006E7EDA /* Cell */,
			);
			path = "App Sections List";
			sourceTree = "<group>";
		};
		8294CF9F2C34B75A006E7EDA /* View */ = {
			isa = PBXGroup;
			children = (
				8294CFA02C34B772006E7EDA /* AppSectionsListView.swift */,
			);
			name = View;
			sourceTree = "<group>";
		};
		8294CFA22C34B7B1006E7EDA /* Model */ = {
			isa = PBXGroup;
			children = (
				8294CFB22C3604B0006E7EDA /* AppSectionModel.swift */,
				8294CFA32C34B7BC006E7EDA /* AppSections.swift */,
			);
			name = Model;
			sourceTree = "<group>";
		};
		8294CFA52C36020C006E7EDA /* Settings List */ = {
			isa = PBXGroup;
			children = (
				8294CFAD2C360412006E7EDA /* Model */,
				8294CFA62C360218006E7EDA /* View */,
				8294CFB72C360543006E7EDA /* Cell */,
			);
			path = "Settings List";
			sourceTree = "<group>";
		};
		8294CFA62C360218006E7EDA /* View */ = {
			isa = PBXGroup;
			children = (
				8294CFA82C36022A006E7EDA /* SettingsListView.swift */,
			);
			path = View;
			sourceTree = "<group>";
		};
		8294CFAD2C360412006E7EDA /* Model */ = {
			isa = PBXGroup;
			children = (
				8294CFAE2C360432006E7EDA /* SettingSectionModel.swift */,
				8294CFB02C36045D006E7EDA /* SettingSections.swift */,
			);
			path = Model;
			sourceTree = "<group>";
		};
		8294CFB42C3604CD006E7EDA /* Cell */ = {
			isa = PBXGroup;
			children = (
				8294CFB52C3604DD006E7EDA /* AppSectionCell.swift */,
			);
			name = Cell;
			sourceTree = "<group>";
		};
		8294CFB72C360543006E7EDA /* Cell */ = {
			isa = PBXGroup;
			children = (
				8294CFB82C360564006E7EDA /* SettingSectionCell.swift */,
			);
			path = Cell;
			sourceTree = "<group>";
		};
		8294CFBA2C360648006E7EDA /* Saved News Categories List MVVM */ = {
			isa = PBXGroup;
			children = (
				8294CFBC2C36065D006E7EDA /* View */,
				8294CFBB2C36065B006E7EDA /* ViewModel */,
			);
			path = "Saved News Categories List MVVM";
			sourceTree = "<group>";
		};
		8294CFBB2C36065B006E7EDA /* ViewModel */ = {
			isa = PBXGroup;
			children = (
				8294CFC72C360957006E7EDA /* SavedNewsCategoriesListViewModel.swift */,
			);
			path = ViewModel;
			sourceTree = "<group>";
		};
		8294CFBC2C36065D006E7EDA /* View */ = {
			isa = PBXGroup;
			children = (
				8294CFC22C3607B9006E7EDA /* SavedNewsCategoriesListView.swift */,
			);
			path = View;
			sourceTree = "<group>";
		};
		8294CFC92C371771006E7EDA /* Services */ = {
			isa = PBXGroup;
			children = (
				82A608E72C3758A00005EDC3 /* API */,
				8255E4392C385A47009D24B1 /* Date */,
				8294CFCA2C371776006E7EDA /* Settings */,
				82160F5F2C38EE1800017A1F /* Location */,
			);
			path = Services;
			sourceTree = "<group>";
		};
		8294CFCA2C371776006E7EDA /* Settings */ = {
			isa = PBXGroup;
			children = (
				8294CFCB2C371786006E7EDA /* SettingsManager.swift */,
			);
			path = Settings;
			sourceTree = "<group>";
		};
		8294CFD02C371A42006E7EDA /* News List MVVM */ = {
			isa = PBXGroup;
			children = (
				8294CFD12C371A4E006E7EDA /* View */,
				8255E4422C385DAA009D24B1 /* Cell */,
				8255E43C2C385BFD009D24B1 /* ViewModel */,
			);
			path = "News List MVVM";
			sourceTree = "<group>";
		};
		8294CFD12C371A4E006E7EDA /* View */ = {
			isa = PBXGroup;
			children = (
				8294CFD22C371A60006E7EDA /* NewsListView.swift */,
			);
			path = View;
			sourceTree = "<group>";
		};
		82A608E42C3758800005EDC3 /* Timetable Day List MVVM */ = {
			isa = PBXGroup;
			children = (
				82A608E62C3758940005EDC3 /* View */,
				8255E4362C378D6D009D24B1 /* Cell */,
				82A608E52C3758910005EDC3 /* ViewModel */,
			);
			path = "Timetable Day List MVVM";
			sourceTree = "<group>";
		};
		82A608E52C3758910005EDC3 /* ViewModel */ = {
			isa = PBXGroup;
			children = (
				82A609022C375A4D0005EDC3 /* TimetableDayListViewModel.swift */,
			);
			path = ViewModel;
			sourceTree = "<group>";
		};
		82A608E62C3758940005EDC3 /* View */ = {
			isa = PBXGroup;
			children = (
				82A609002C375A2B0005EDC3 /* TimetableDayListView.swift */,
			);
			path = View;
			sourceTree = "<group>";
		};
		82A608E72C3758A00005EDC3 /* API */ = {
			isa = PBXGroup;
			children = (
				82A608EA2C3758B80005EDC3 /* Host Name */,
				82A608E92C3758B70005EDC3 /* Models */,
				82A608E82C3758B40005EDC3 /* Services */,
			);
			path = API;
			sourceTree = "<group>";
		};
		82A608E82C3758B40005EDC3 /* Services */ = {
			isa = PBXGroup;
			children = (
				82A608EC2C3758D70005EDC3 /* News */,
				82A608EB2C3758D50005EDC3 /* Timetable */,
			);
			path = Services;
			sourceTree = "<group>";
		};
		82A608E92C3758B70005EDC3 /* Models */ = {
			isa = PBXGroup;
			children = (
				82A608EF2C3759190005EDC3 /* Discipline.swift */,
				82A608F12C3759350005EDC3 /* Article.swift */,
				82A608F32C3759460005EDC3 /* NewsResponse.swift */,
				82A608F52C3759620005EDC3 /* TimeTable.swift */,
			);
			path = Models;
			sourceTree = "<group>";
		};
		82A608EA2C3758B80005EDC3 /* Host Name */ = {
			isa = PBXGroup;
			children = (
				82A608ED2C3758FE0005EDC3 /* HostName.swift */,
			);
			path = "Host Name";
			sourceTree = "<group>";
		};
		82A608EB2C3758D50005EDC3 /* Timetable */ = {
			isa = PBXGroup;
			children = (
				82A608F92C3759D30005EDC3 /* TimeTableService.swift */,
			);
			path = Timetable;
			sourceTree = "<group>";
		};
		82A608EC2C3758D70005EDC3 /* News */ = {
			isa = PBXGroup;
			children = (
				82A608F72C3759A00005EDC3 /* ASPUNewsService.swift */,
			);
			path = News;
			sourceTree = "<group>";
		};
/* End PBXGroup section */

/* Begin PBXNativeTarget section */
		8294CF7C2C34B579006E7EDA /* ASPU-App-Watch */ = {
			isa = PBXNativeTarget;
			buildConfigurationList = 8294CF972C34B57F006E7EDA /* Build configuration list for PBXNativeTarget "ASPU-App-Watch" */;
			buildPhases = (
				8294CF7B2C34B579006E7EDA /* Resources */,
				8294CF962C34B57F006E7EDA /* Embed Watch Content */,
			);
			buildRules = (
			);
			dependencies = (
				8294CF862C34B579006E7EDA /* PBXTargetDependency */,
			);
			name = "ASPU-App-Watch";
			productName = "ASPU-App-Watch";
			productReference = 8294CF7D2C34B579006E7EDA /* ASPU-App-Watch.app */;
			productType = "com.apple.product-type.application.watchapp2-container";
		};
		8294CF822C34B579006E7EDA /* ASPU-App-Watch Watch App */ = {
			isa = PBXNativeTarget;
			buildConfigurationList = 8294CF932C34B57F006E7EDA /* Build configuration list for PBXNativeTarget "ASPU-App-Watch Watch App" */;
			buildPhases = (
				8294CF7F2C34B579006E7EDA /* Sources */,
				8294CF802C34B579006E7EDA /* Frameworks */,
				8294CF812C34B579006E7EDA /* Resources */,
			);
			buildRules = (
			);
			dependencies = (
			);
			name = "ASPU-App-Watch Watch App";
			packageProductDependencies = (
				82A609052C375C8B0005EDC3 /* Alamofire */,
				8255E4402C385DA3009D24B1 /* SDWebImageSwiftUI */,
			);
			productName = "ASPU-App-Watch Watch App";
			productReference = 8294CF832C34B579006E7EDA /* ФГБОУ ВО «АГПУ».app */;
			productType = "com.apple.product-type.application";
		};
/* End PBXNativeTarget section */

/* Begin PBXProject section */
		8294CF772C34B579006E7EDA /* Project object */ = {
			isa = PBXProject;
			attributes = {
				BuildIndependentTargetsInParallel = 1;
				LastSwiftUpdateCheck = 1510;
				LastUpgradeCheck = 1510;
				TargetAttributes = {
					8294CF7C2C34B579006E7EDA = {
						CreatedOnToolsVersion = 15.1;
					};
					8294CF822C34B579006E7EDA = {
						CreatedOnToolsVersion = 15.1;
					};
				};
			};
			buildConfigurationList = 8294CF7A2C34B579006E7EDA /* Build configuration list for PBXProject "ASPU-App-Watch" */;
			compatibilityVersion = "Xcode 14.0";
			developmentRegion = en;
			hasScannedForEncodings = 0;
			knownRegions = (
				en,
				Base,
			);
			mainGroup = 8294CF762C34B579006E7EDA;
			packageReferences = (
				82A609042C375C8B0005EDC3 /* XCRemoteSwiftPackageReference "Alamofire" */,
				8255E43F2C385DA3009D24B1 /* XCRemoteSwiftPackageReference "SDWebImageSwiftUI" */,
			);
			productRefGroup = 8294CF7E2C34B579006E7EDA /* Products */;
			projectDirPath = "";
			projectRoot = "";
			targets = (
				8294CF7C2C34B579006E7EDA /* ASPU-App-Watch */,
				8294CF822C34B579006E7EDA /* ASPU-App-Watch Watch App */,
			);
		};
/* End PBXProject section */

/* Begin PBXResourcesBuildPhase section */
		8294CF7B2C34B579006E7EDA /* Resources */ = {
			isa = PBXResourcesBuildPhase;
			buildActionMask = 2147483647;
			files = (
			);
			runOnlyForDeploymentPostprocessing = 0;
		};
		8294CF812C34B579006E7EDA /* Resources */ = {
			isa = PBXResourcesBuildPhase;
			buildActionMask = 2147483647;
			files = (
				8294CF902C34B57F006E7EDA /* Preview Assets.xcassets in Resources */,
				8294CF8D2C34B57F006E7EDA /* Assets.xcassets in Resources */,
			);
			runOnlyForDeploymentPostprocessing = 0;
		};
/* End PBXResourcesBuildPhase section */

/* Begin PBXSourcesBuildPhase section */
		8294CF7F2C34B579006E7EDA /* Sources */ = {
			isa = PBXSourcesBuildPhase;
			buildActionMask = 2147483647;
			files = (
				82160F5B2C38D61C00017A1F /* BuildingDetailView.swift in Sources */,
				828C1A482C39C24000151AFA /* NewsCategoriesListView.swift in Sources */,
				8294CFC62C3607CF006E7EDA /* NewsCategoryCell.swift in Sources */,
				8294CF8B2C34B579006E7EDA /* ContentView.swift in Sources */,
				82A608F82C3759A10005EDC3 /* ASPUNewsService.swift in Sources */,
				82A608EE2C3758FE0005EDC3 /* HostName.swift in Sources */,
				82A608F62C3759620005EDC3 /* TimeTable.swift in Sources */,
				8294CFA92C36022A006E7EDA /* SettingsListView.swift in Sources */,
				82160F5E2C38EDFB00017A1F /* BuildingsMapViewModel.swift in Sources */,
				82160F612C38EEC800017A1F /* LocationManager.swift in Sources */,
				82A608F22C3759350005EDC3 /* Article.swift in Sources */,
				8294CFAF2C360432006E7EDA /* SettingSectionModel.swift in Sources */,
				8255E4442C385DB5009D24B1 /* ArticleCell.swift in Sources */,
				82160F582C38A32200017A1F /* Buildings.swift in Sources */,
				8294CFB12C36045D006E7EDA /* SettingSections.swift in Sources */,
				82A608FA2C3759D30005EDC3 /* TimeTableService.swift in Sources */,
				828C1A412C397BBB00151AFA /* NewsOptionsListViewModel.swift in Sources */,
				82160F542C38A13600017A1F /* BuildingsMapView.swift in Sources */,
				8294CFA42C34B7BC006E7EDA /* AppSections.swift in Sources */,
				8294CF892C34B579006E7EDA /* ASPU_App_WatchApp.swift in Sources */,
				82A609012C375A2B0005EDC3 /* TimetableDayListView.swift in Sources */,
				82A608F02C3759190005EDC3 /* Discipline.swift in Sources */,
				8294CFC12C3606CF006E7EDA /* NewsCategories.swift in Sources */,
				8294CFC32C3607B9006E7EDA /* SavedNewsCategoriesListView.swift in Sources */,
				8294CFB62C3604DD006E7EDA /* AppSectionCell.swift in Sources */,
				8255E4482C3861ED009D24B1 /* ArticleDetailView.swift in Sources */,
				828C1A3E2C3977E500151AFA /* NewsOptionsListView.swift in Sources */,
				828C1A542C39C4E400151AFA /* CurrentCategoryNewsListViewModel.swift in Sources */,
				828C1A522C39C4DB00151AFA /* CurrentCategoryNewsListView.swift in Sources */,
				8255E43E2C385C11009D24B1 /* NewsListViewModel.swift in Sources */,
				8294CFA12C34B772006E7EDA /* AppSectionsListView.swift in Sources */,
				82A608F42C3759460005EDC3 /* NewsResponse.swift in Sources */,
				8294CFB92C360564006E7EDA /* SettingSectionCell.swift in Sources */,
				828C1A4D2C39C2A900151AFA /* NewsCategoriesListViewModel.swift in Sources */,
				8294CFCC2C371786006E7EDA /* SettingsManager.swift in Sources */,
				8255E43B2C385A58009D24B1 /* DateManager.swift in Sources */,
				8294CFC82C360957006E7EDA /* SavedNewsCategoriesListViewModel.swift in Sources */,
				8294CFBF2C360696006E7EDA /* NewsCategoryModel.swift in Sources */,
				82A609032C375A4D0005EDC3 /* TimetableDayListViewModel.swift in Sources */,
				8294CFD32C371A60006E7EDA /* NewsListView.swift in Sources */,
				8255E4382C378D7A009D24B1 /* PairCell.swift in Sources */,
				828C1A3C2C39773B00151AFA /* NewsOptionModel.swift in Sources */,
				8294CFB32C3604B0006E7EDA /* AppSectionModel.swift in Sources */,
			);
			runOnlyForDeploymentPostprocessing = 0;
		};
/* End PBXSourcesBuildPhase section */

/* Begin PBXTargetDependency section */
		8294CF862C34B579006E7EDA /* PBXTargetDependency */ = {
			isa = PBXTargetDependency;
			target = 8294CF822C34B579006E7EDA /* ASPU-App-Watch Watch App */;
			targetProxy = 8294CF852C34B579006E7EDA /* PBXContainerItemProxy */;
		};
/* End PBXTargetDependency section */

/* Begin XCBuildConfiguration section */
		8294CF912C34B57F006E7EDA /* Debug */ = {
			isa = XCBuildConfiguration;
			buildSettings = {
				ALWAYS_SEARCH_USER_PATHS = NO;
				ASSETCATALOG_COMPILER_GENERATE_SWIFT_ASSET_SYMBOL_EXTENSIONS = YES;
				CLANG_ANALYZER_NONNULL = YES;
				CLANG_ANALYZER_NUMBER_OBJECT_CONVERSION = YES_AGGRESSIVE;
				CLANG_CXX_LANGUAGE_STANDARD = "gnu++20";
				CLANG_ENABLE_MODULES = YES;
				CLANG_ENABLE_OBJC_ARC = YES;
				CLANG_ENABLE_OBJC_WEAK = YES;
				CLANG_WARN_BLOCK_CAPTURE_AUTORELEASING = YES;
				CLANG_WARN_BOOL_CONVERSION = YES;
				CLANG_WARN_COMMA = YES;
				CLANG_WARN_CONSTANT_CONVERSION = YES;
				CLANG_WARN_DEPRECATED_OBJC_IMPLEMENTATIONS = YES;
				CLANG_WARN_DIRECT_OBJC_ISA_USAGE = YES_ERROR;
				CLANG_WARN_DOCUMENTATION_COMMENTS = YES;
				CLANG_WARN_EMPTY_BODY = YES;
				CLANG_WARN_ENUM_CONVERSION = YES;
				CLANG_WARN_INFINITE_RECURSION = YES;
				CLANG_WARN_INT_CONVERSION = YES;
				CLANG_WARN_NON_LITERAL_NULL_CONVERSION = YES;
				CLANG_WARN_OBJC_IMPLICIT_RETAIN_SELF = YES;
				CLANG_WARN_OBJC_LITERAL_CONVERSION = YES;
				CLANG_WARN_OBJC_ROOT_CLASS = YES_ERROR;
				CLANG_WARN_QUOTED_INCLUDE_IN_FRAMEWORK_HEADER = YES;
				CLANG_WARN_RANGE_LOOP_ANALYSIS = YES;
				CLANG_WARN_STRICT_PROTOTYPES = YES;
				CLANG_WARN_SUSPICIOUS_MOVE = YES;
				CLANG_WARN_UNGUARDED_AVAILABILITY = YES_AGGRESSIVE;
				CLANG_WARN_UNREACHABLE_CODE = YES;
				CLANG_WARN__DUPLICATE_METHOD_MATCH = YES;
				COPY_PHASE_STRIP = NO;
				DEBUG_INFORMATION_FORMAT = dwarf;
				ENABLE_STRICT_OBJC_MSGSEND = YES;
				ENABLE_TESTABILITY = YES;
				ENABLE_USER_SCRIPT_SANDBOXING = YES;
				GCC_C_LANGUAGE_STANDARD = gnu17;
				GCC_DYNAMIC_NO_PIC = NO;
				GCC_NO_COMMON_BLOCKS = YES;
				GCC_OPTIMIZATION_LEVEL = 0;
				GCC_PREPROCESSOR_DEFINITIONS = (
					"DEBUG=1",
					"$(inherited)",
				);
				GCC_WARN_64_TO_32_BIT_CONVERSION = YES;
				GCC_WARN_ABOUT_RETURN_TYPE = YES_ERROR;
				GCC_WARN_UNDECLARED_SELECTOR = YES;
				GCC_WARN_UNINITIALIZED_AUTOS = YES_AGGRESSIVE;
				GCC_WARN_UNUSED_FUNCTION = YES;
				GCC_WARN_UNUSED_VARIABLE = YES;
				LOCALIZATION_PREFERS_STRING_CATALOGS = YES;
				MTL_ENABLE_DEBUG_INFO = INCLUDE_SOURCE;
				MTL_FAST_MATH = YES;
				ONLY_ACTIVE_ARCH = YES;
				SWIFT_ACTIVE_COMPILATION_CONDITIONS = "DEBUG $(inherited)";
				SWIFT_OPTIMIZATION_LEVEL = "-Onone";
			};
			name = Debug;
		};
		8294CF922C34B57F006E7EDA /* Release */ = {
			isa = XCBuildConfiguration;
			buildSettings = {
				ALWAYS_SEARCH_USER_PATHS = NO;
				ASSETCATALOG_COMPILER_GENERATE_SWIFT_ASSET_SYMBOL_EXTENSIONS = YES;
				CLANG_ANALYZER_NONNULL = YES;
				CLANG_ANALYZER_NUMBER_OBJECT_CONVERSION = YES_AGGRESSIVE;
				CLANG_CXX_LANGUAGE_STANDARD = "gnu++20";
				CLANG_ENABLE_MODULES = YES;
				CLANG_ENABLE_OBJC_ARC = YES;
				CLANG_ENABLE_OBJC_WEAK = YES;
				CLANG_WARN_BLOCK_CAPTURE_AUTORELEASING = YES;
				CLANG_WARN_BOOL_CONVERSION = YES;
				CLANG_WARN_COMMA = YES;
				CLANG_WARN_CONSTANT_CONVERSION = YES;
				CLANG_WARN_DEPRECATED_OBJC_IMPLEMENTATIONS = YES;
				CLANG_WARN_DIRECT_OBJC_ISA_USAGE = YES_ERROR;
				CLANG_WARN_DOCUMENTATION_COMMENTS = YES;
				CLANG_WARN_EMPTY_BODY = YES;
				CLANG_WARN_ENUM_CONVERSION = YES;
				CLANG_WARN_INFINITE_RECURSION = YES;
				CLANG_WARN_INT_CONVERSION = YES;
				CLANG_WARN_NON_LITERAL_NULL_CONVERSION = YES;
				CLANG_WARN_OBJC_IMPLICIT_RETAIN_SELF = YES;
				CLANG_WARN_OBJC_LITERAL_CONVERSION = YES;
				CLANG_WARN_OBJC_ROOT_CLASS = YES_ERROR;
				CLANG_WARN_QUOTED_INCLUDE_IN_FRAMEWORK_HEADER = YES;
				CLANG_WARN_RANGE_LOOP_ANALYSIS = YES;
				CLANG_WARN_STRICT_PROTOTYPES = YES;
				CLANG_WARN_SUSPICIOUS_MOVE = YES;
				CLANG_WARN_UNGUARDED_AVAILABILITY = YES_AGGRESSIVE;
				CLANG_WARN_UNREACHABLE_CODE = YES;
				CLANG_WARN__DUPLICATE_METHOD_MATCH = YES;
				COPY_PHASE_STRIP = NO;
				DEBUG_INFORMATION_FORMAT = "dwarf-with-dsym";
				ENABLE_NS_ASSERTIONS = NO;
				ENABLE_STRICT_OBJC_MSGSEND = YES;
				ENABLE_USER_SCRIPT_SANDBOXING = YES;
				GCC_C_LANGUAGE_STANDARD = gnu17;
				GCC_NO_COMMON_BLOCKS = YES;
				GCC_WARN_64_TO_32_BIT_CONVERSION = YES;
				GCC_WARN_ABOUT_RETURN_TYPE = YES_ERROR;
				GCC_WARN_UNDECLARED_SELECTOR = YES;
				GCC_WARN_UNINITIALIZED_AUTOS = YES_AGGRESSIVE;
				GCC_WARN_UNUSED_FUNCTION = YES;
				GCC_WARN_UNUSED_VARIABLE = YES;
				LOCALIZATION_PREFERS_STRING_CATALOGS = YES;
				MTL_ENABLE_DEBUG_INFO = NO;
				MTL_FAST_MATH = YES;
				SWIFT_COMPILATION_MODE = wholemodule;
			};
			name = Release;
		};
		8294CF942C34B57F006E7EDA /* Debug */ = {
			isa = XCBuildConfiguration;
			buildSettings = {
				ASSETCATALOG_COMPILER_APPICON_NAME = AppIcon;
				ASSETCATALOG_COMPILER_GLOBAL_ACCENT_COLOR_NAME = AccentColor;
				CODE_SIGN_STYLE = Automatic;
				CURRENT_PROJECT_VERSION = 1;
				DEVELOPMENT_ASSET_PATHS = "\"ASPU-App-Watch Watch App/Preview Content\"";
				DEVELOPMENT_TEAM = 265GKHT32M;
				ENABLE_PREVIEWS = YES;
				GENERATE_INFOPLIST_FILE = YES;
				INFOPLIST_FILE = "ASPU-App-Watch-Watch-App-Info.plist";
				INFOPLIST_KEY_UISupportedInterfaceOrientations = "UIInterfaceOrientationPortrait UIInterfaceOrientationPortraitUpsideDown";
				INFOPLIST_KEY_WKWatchOnly = YES;
				LD_RUNPATH_SEARCH_PATHS = (
					"$(inherited)",
					"@executable_path/Frameworks",
				);
				MARKETING_VERSION = 1.0;
				PRODUCT_BUNDLE_IDENTIFIER = "com.ASPU-App-Watch.watchkitapp";
				PRODUCT_NAME = "ФГБОУ ВО «АГПУ»";
				SDKROOT = watchos;
				SKIP_INSTALL = YES;
				SWIFT_EMIT_LOC_STRINGS = YES;
				SWIFT_VERSION = 5.0;
				TARGETED_DEVICE_FAMILY = 4;
				WATCHOS_DEPLOYMENT_TARGET = 10.2;
			};
			name = Debug;
		};
		8294CF952C34B57F006E7EDA /* Release */ = {
			isa = XCBuildConfiguration;
			buildSettings = {
				ASSETCATALOG_COMPILER_APPICON_NAME = AppIcon;
				ASSETCATALOG_COMPILER_GLOBAL_ACCENT_COLOR_NAME = AccentColor;
				CODE_SIGN_STYLE = Automatic;
				CURRENT_PROJECT_VERSION = 1;
				DEVELOPMENT_ASSET_PATHS = "\"ASPU-App-Watch Watch App/Preview Content\"";
				DEVELOPMENT_TEAM = 265GKHT32M;
				ENABLE_PREVIEWS = YES;
				GENERATE_INFOPLIST_FILE = YES;
				INFOPLIST_FILE = "ASPU-App-Watch-Watch-App-Info.plist";
				INFOPLIST_KEY_UISupportedInterfaceOrientations = "UIInterfaceOrientationPortrait UIInterfaceOrientationPortraitUpsideDown";
				INFOPLIST_KEY_WKWatchOnly = YES;
				LD_RUNPATH_SEARCH_PATHS = (
					"$(inherited)",
					"@executable_path/Frameworks",
				);
				MARKETING_VERSION = 1.0;
				PRODUCT_BUNDLE_IDENTIFIER = "com.ASPU-App-Watch.watchkitapp";
				PRODUCT_NAME = "ФГБОУ ВО «АГПУ»";
				SDKROOT = watchos;
				SKIP_INSTALL = YES;
				SWIFT_EMIT_LOC_STRINGS = YES;
				SWIFT_VERSION = 5.0;
				TARGETED_DEVICE_FAMILY = 4;
				VALIDATE_PRODUCT = YES;
				WATCHOS_DEPLOYMENT_TARGET = 10.2;
			};
			name = Release;
		};
		8294CF982C34B57F006E7EDA /* Debug */ = {
			isa = XCBuildConfiguration;
			buildSettings = {
				ALWAYS_EMBED_SWIFT_STANDARD_LIBRARIES = YES;
				CODE_SIGN_STYLE = Automatic;
				CURRENT_PROJECT_VERSION = 1;
				DEVELOPMENT_TEAM = 265GKHT32M;
				INFOPLIST_KEY_CFBundleDisplayName = "ASPU-App-Watch";
				MARKETING_VERSION = 1.0;
				PRODUCT_BUNDLE_IDENTIFIER = "com.ASPU-App-Watch";
				PRODUCT_NAME = "$(TARGET_NAME)";
				SDKROOT = iphoneos;
				SUPPORTED_PLATFORMS = "iphoneos iphonesimulator";
				SUPPORTS_MACCATALYST = NO;
				SWIFT_VERSION = 5.0;
				TARGETED_DEVICE_FAMILY = 1;
			};
			name = Debug;
		};
		8294CF992C34B57F006E7EDA /* Release */ = {
			isa = XCBuildConfiguration;
			buildSettings = {
				ALWAYS_EMBED_SWIFT_STANDARD_LIBRARIES = YES;
				CODE_SIGN_STYLE = Automatic;
				CURRENT_PROJECT_VERSION = 1;
				DEVELOPMENT_TEAM = 265GKHT32M;
				INFOPLIST_KEY_CFBundleDisplayName = "ASPU-App-Watch";
				MARKETING_VERSION = 1.0;
				PRODUCT_BUNDLE_IDENTIFIER = "com.ASPU-App-Watch";
				PRODUCT_NAME = "$(TARGET_NAME)";
				SDKROOT = iphoneos;
				SUPPORTED_PLATFORMS = "iphoneos iphonesimulator";
				SUPPORTS_MACCATALYST = NO;
				SWIFT_VERSION = 5.0;
				TARGETED_DEVICE_FAMILY = 1;
				VALIDATE_PRODUCT = YES;
			};
			name = Release;
		};
/* End XCBuildConfiguration section */

/* Begin XCConfigurationList section */
		8294CF7A2C34B579006E7EDA /* Build configuration list for PBXProject "ASPU-App-Watch" */ = {
			isa = XCConfigurationList;
			buildConfigurations = (
				8294CF912C34B57F006E7EDA /* Debug */,
				8294CF922C34B57F006E7EDA /* Release */,
			);
			defaultConfigurationIsVisible = 0;
			defaultConfigurationName = Release;
		};
		8294CF932C34B57F006E7EDA /* Build configuration list for PBXNativeTarget "ASPU-App-Watch Watch App" */ = {
			isa = XCConfigurationList;
			buildConfigurations = (
				8294CF942C34B57F006E7EDA /* Debug */,
				8294CF952C34B57F006E7EDA /* Release */,
			);
			defaultConfigurationIsVisible = 0;
			defaultConfigurationName = Release;
		};
		8294CF972C34B57F006E7EDA /* Build configuration list for PBXNativeTarget "ASPU-App-Watch" */ = {
			isa = XCConfigurationList;
			buildConfigurations = (
				8294CF982C34B57F006E7EDA /* Debug */,
				8294CF992C34B57F006E7EDA /* Release */,
			);
			defaultConfigurationIsVisible = 0;
			defaultConfigurationName = Release;
		};
/* End XCConfigurationList section */

/* Begin XCRemoteSwiftPackageReference section */
		8255E43F2C385DA3009D24B1 /* XCRemoteSwiftPackageReference "SDWebImageSwiftUI" */ = {
			isa = XCRemoteSwiftPackageReference;
			repositoryURL = "https://github.com/SDWebImage/SDWebImageSwiftUI";
			requirement = {
				kind = exactVersion;
				version = 3.1.1;
			};
		};
		82A609042C375C8B0005EDC3 /* XCRemoteSwiftPackageReference "Alamofire" */ = {
			isa = XCRemoteSwiftPackageReference;
			repositoryURL = "https://github.com/Alamofire/Alamofire";
			requirement = {
				kind = exactVersion;
				version = 5.9.1;
			};
		};
/* End XCRemoteSwiftPackageReference section */

/* Begin XCSwiftPackageProductDependency section */
		8255E4402C385DA3009D24B1 /* SDWebImageSwiftUI */ = {
			isa = XCSwiftPackageProductDependency;
			package = 8255E43F2C385DA3009D24B1 /* XCRemoteSwiftPackageReference "SDWebImageSwiftUI" */;
			productName = SDWebImageSwiftUI;
		};
		82A609052C375C8B0005EDC3 /* Alamofire */ = {
			isa = XCSwiftPackageProductDependency;
			package = 82A609042C375C8B0005EDC3 /* XCRemoteSwiftPackageReference "Alamofire" */;
			productName = Alamofire;
		};
/* End XCSwiftPackageProductDependency section */
	};
	rootObject = 8294CF772C34B579006E7EDA /* Project object */;
}
